
Microsoft Visual Studio Solution File, Format Version 12.00
# Visual Studio Version 16
VisualStudioVersion = 16.0.29721.120
MinimumVisualStudioVersion = 10.0.40219.1
Project("{FAE04EC0-301F-11D3-BF4B-00C04F79EFBC}") = "Route Definition", "Route Definition\Route Definition.csproj", "{DE7D75CD-F4A2-4FEE-98E7-73B81F76E64B}"
EndProject
Global
	GlobalSection(SolutionConfigurationPlatforms) = preSolution
		Debug|Any CPU = Debug|Any CPU
		Release|Any CPU = Release|Any CPU
	EndGlobalSection
	GlobalSection(ProjectConfigurationPlatforms) = postSolution
		{DE7D75CD-F4A2-4FEE-98E7-73B81F76E64B}.Debug|Any CPU.ActiveCfg = Debug|Any CPU
		{DE7D75CD-F4A2-4FEE-98E7-73B81F76E64B}.Debug|Any CPU.Build.0 = Debug|Any CPU
		{DE7D75CD-F4A2-4FEE-98E7-73B81F76E64B}.Release|Any CPU.ActiveCfg = Release|Any CPU
		{DE7D75CD-F4A2-4FEE-98E7-73B81F76E64B}.Release|Any CPU.Build.0 = Release|Any CPU
	EndGlobalSection
	GlobalSection(SolutionProperties) = preSolution
		HideSolutionNode = FALSE
	EndGlobalSection
	GlobalSection(ExtensibilityGlobals) = postSolution
		SolutionGuid = {001D3829-D787-4A43-9642-3DD5D88BC064}
	EndGlobalSection
EndGlobal
